
Microsoft Visual Studio Solution File, Format Version 12.00
Project("{FAE04EC0-301F-11D3-BF4B-00C04F79EFBC}") = "ProiectCS", "ProiectCS\ProiectCS.csproj", "{780034EF-411B-4852-89BC-1F4CE827B2D8}"
EndProject
Project("{FAE04EC0-301F-11D3-BF4B-00C04F79EFBC}") = "travelModel", "travelModel\travelModel.csproj", "{0AD8F04E-C894-4B3B-B589-A40BE0C4F5E6}"
EndProject
Project("{FAE04EC0-301F-11D3-BF4B-00C04F79EFBC}") = "travelNetworking", "travelNetworking\travelNetworking.csproj", "{CBCD5B28-5291-4FDD-83EF-277BBA95D679}"
EndProject
Project("{FAE04EC0-301F-11D3-BF4B-00C04F79EFBC}") = "travelServices", "travelServices\travelServices.csproj", "{F8C9F142-38D8-435D-8ABB-075035A97A1A}"
EndProject
Project("{FAE04EC0-301F-11D3-BF4B-00C04F79EFBC}") = "travelPersistence", "travelPersistence\travelPersistence.csproj", "{AC8BB19E-B5F7-4A60-B44C-63EA4F266142}"
EndProject
Project("{FAE04EC0-301F-11D3-BF4B-00C04F79EFBC}") = "travelClientForm", "travelClientForm\travelClientForm.csproj", "{7F074B5C-FE32-403D-8844-607AFC32BE93}"
EndProject
Project("{FAE04EC0-301F-11D3-BF4B-00C04F79EFBC}") = "travelServer2", "travelServer2\travelServer2.csproj", "{EF04315D-1CA1-4F1D-BD28-44E272E1E114}"
EndProject
Global
	GlobalSection(SolutionConfigurationPlatforms) = preSolution
		Debug|Any CPU = Debug|Any CPU
		Release|Any CPU = Release|Any CPU
	EndGlobalSection
	GlobalSection(ProjectConfigurationPlatforms) = postSolution
		{780034EF-411B-4852-89BC-1F4CE827B2D8}.Debug|Any CPU.ActiveCfg = Debug|Any CPU
		{780034EF-411B-4852-89BC-1F4CE827B2D8}.Debug|Any CPU.Build.0 = Debug|Any CPU
		{780034EF-411B-4852-89BC-1F4CE827B2D8}.Release|Any CPU.ActiveCfg = Release|Any CPU
		{780034EF-411B-4852-89BC-1F4CE827B2D8}.Release|Any CPU.Build.0 = Release|Any CPU
		{0AD8F04E-C894-4B3B-B589-A40BE0C4F5E6}.Debug|Any CPU.ActiveCfg = Debug|Any CPU
		{0AD8F04E-C894-4B3B-B589-A40BE0C4F5E6}.Debug|Any CPU.Build.0 = Debug|Any CPU
		{0AD8F04E-C894-4B3B-B589-A40BE0C4F5E6}.Release|Any CPU.ActiveCfg = Release|Any CPU
		{0AD8F04E-C894-4B3B-B589-A40BE0C4F5E6}.Release|Any CPU.Build.0 = Release|Any CPU
		{CBCD5B28-5291-4FDD-83EF-277BBA95D679}.Debug|Any CPU.ActiveCfg = Debug|Any CPU
		{CBCD5B28-5291-4FDD-83EF-277BBA95D679}.Debug|Any CPU.Build.0 = Debug|Any CPU
		{CBCD5B28-5291-4FDD-83EF-277BBA95D679}.Release|Any CPU.ActiveCfg = Release|Any CPU
		{CBCD5B28-5291-4FDD-83EF-277BBA95D679}.Release|Any CPU.Build.0 = Release|Any CPU
		{F8C9F142-38D8-435D-8ABB-075035A97A1A}.Debug|Any CPU.ActiveCfg = Debug|Any CPU
		{F8C9F142-38D8-435D-8ABB-075035A97A1A}.Debug|Any CPU.Build.0 = Debug|Any CPU
		{F8C9F142-38D8-435D-8ABB-075035A97A1A}.Release|Any CPU.ActiveCfg = Release|Any CPU
		{F8C9F142-38D8-435D-8ABB-075035A97A1A}.Release|Any CPU.Build.0 = Release|Any CPU
		{AC8BB19E-B5F7-4A60-B44C-63EA4F266142}.Debug|Any CPU.ActiveCfg = Debug|Any CPU
		{AC8BB19E-B5F7-4A60-B44C-63EA4F266142}.Debug|Any CPU.Build.0 = Debug|Any CPU
		{AC8BB19E-B5F7-4A60-B44C-63EA4F266142}.Release|Any CPU.ActiveCfg = Release|Any CPU
		{AC8BB19E-B5F7-4A60-B44C-63EA4F266142}.Release|Any CPU.Build.0 = Release|Any CPU
		{7F074B5C-FE32-403D-8844-607AFC32BE93}.Debug|Any CPU.ActiveCfg = Debug|Any CPU
		{7F074B5C-FE32-403D-8844-607AFC32BE93}.Debug|Any CPU.Build.0 = Debug|Any CPU
		{7F074B5C-FE32-403D-8844-607AFC32BE93}.Release|Any CPU.ActiveCfg = Release|Any CPU
		{7F074B5C-FE32-403D-8844-607AFC32BE93}.Release|Any CPU.Build.0 = Release|Any CPU
		{EF04315D-1CA1-4F1D-BD28-44E272E1E114}.Debug|Any CPU.ActiveCfg = Debug|Any CPU
		{EF04315D-1CA1-4F1D-BD28-44E272E1E114}.Debug|Any CPU.Build.0 = Debug|Any CPU
		{EF04315D-1CA1-4F1D-BD28-44E272E1E114}.Release|Any CPU.ActiveCfg = Release|Any CPU
		{EF04315D-1CA1-4F1D-BD28-44E272E1E114}.Release|Any CPU.Build.0 = Release|Any CPU
	EndGlobalSection
EndGlobal
